
Microsoft Visual Studio Solution File, Format Version 12.00
# Visual Studio Version 17
VisualStudioVersion = 17.13.35806.99 d17.13
MinimumVisualStudioVersion = 10.0.40219.1
Project("{FAE04EC0-301F-11D3-BF4B-00C04F79EFBC}") = "Entities", "Entities\Entities.csproj", "{DFF3E0C6-EB93-4217-AFEF-9FC5E25249D4}"
EndProject
Project("{FAE04EC0-301F-11D3-BF4B-00C04F79EFBC}") = "WebApı", "WebApı\WebApı.csproj", "{2285C7D5-F282-418C-A2EC-9F354FE7629C}"
EndProject
Project("{FAE04EC0-301F-11D3-BF4B-00C04F79EFBC}") = "Repositories", "Repositories\Repositories.csproj", "{0E75225A-4067-4B2F-BD7B-D116C55AA863}"
EndProject
Global
	GlobalSection(SolutionConfigurationPlatforms) = preSolution
		Debug|Any CPU = Debug|Any CPU
		Release|Any CPU = Release|Any CPU
	EndGlobalSection
	GlobalSection(ProjectConfigurationPlatforms) = postSolution
		{DFF3E0C6-EB93-4217-AFEF-9FC5E25249D4}.Debug|Any CPU.ActiveCfg = Debug|Any CPU
		{DFF3E0C6-EB93-4217-AFEF-9FC5E25249D4}.Debug|Any CPU.Build.0 = Debug|Any CPU
		{DFF3E0C6-EB93-4217-AFEF-9FC5E25249D4}.Release|Any CPU.ActiveCfg = Release|Any CPU
		{DFF3E0C6-EB93-4217-AFEF-9FC5E25249D4}.Release|Any CPU.Build.0 = Release|Any CPU
		{2285C7D5-F282-418C-A2EC-9F354FE7629C}.Debug|Any CPU.ActiveCfg = Debug|Any CPU
		{2285C7D5-F282-418C-A2EC-9F354FE7629C}.Debug|Any CPU.Build.0 = Debug|Any CPU
		{2285C7D5-F282-418C-A2EC-9F354FE7629C}.Release|Any CPU.ActiveCfg = Release|Any CPU
		{2285C7D5-F282-418C-A2EC-9F354FE7629C}.Release|Any CPU.Build.0 = Release|Any CPU
		{0E75225A-4067-4B2F-BD7B-D116C55AA863}.Debug|Any CPU.ActiveCfg = Debug|Any CPU
		{0E75225A-4067-4B2F-BD7B-D116C55AA863}.Debug|Any CPU.Build.0 = Debug|Any CPU
		{0E75225A-4067-4B2F-BD7B-D116C55AA863}.Release|Any CPU.ActiveCfg = Release|Any CPU
		{0E75225A-4067-4B2F-BD7B-D116C55AA863}.Release|Any CPU.Build.0 = Release|Any CPU
	EndGlobalSection
	GlobalSection(SolutionProperties) = preSolution
		HideSolutionNode = FALSE
	EndGlobalSection
	GlobalSection(ExtensibilityGlobals) = postSolution
		SolutionGuid = {5331CD46-F40D-4C5F-9C47-5EBC2DDFD368}
	EndGlobalSection
EndGlobal
